<?xml version="1.0" encoding="utf-8"?>
<Project ToolsVersion="4.0" xmlns="http://schemas.microsoft.com/developer/msbuild/2003">
  <ItemGroup>
    <Filter Include="源文件">
      <UniqueIdentifier>{4FC737F1-C7A5-4376-A066-2A32D752A2FF}</UniqueIdentifier>
      <Extensions>cpp;c;cc;cxx;c++;cppm;ixx;def;odl;idl;hpj;bat;asm;asmx</Extensions>
    </Filter>
    <Filter Include="头文件">
      <UniqueIdentifier>{93995380-89BD-4b04-88EB-625FBE52EBFB}</UniqueIdentifier>
      <Extensions>h;hh;hpp;hxx;h++;hm;inl;inc;ipp;xsd</Extensions>
    </Filter>
    <Filter Include="资源文件">
      <UniqueIdentifier>{67DA6AB6-F800-4c08-8B7A-83BB121AAD01}</UniqueIdentifier>
      <Extensions>rc;ico;cur;bmp;dlg;rc2;rct;bin;rgs;gif;jpg;jpeg;jpe;resx;tiff;tif;png;wav;mfcribbon-ms</Extensions>
    </Filter>
    <Filter Include="源文件\01-triangle">
      <UniqueIdentifier>{32776d3c-2741-434d-a68d-07691c198e08}</UniqueIdentifier>
    </Filter>
    <Filter Include="源文件\common">
      <UniqueIdentifier>{f61b300c-dd13-4186-8a9e-efd676d50732}</UniqueIdentifier>
    </Filter>
    <Filter Include="源文件\01-triangle\shader">
      <UniqueIdentifier>{3f1920ed-b7e8-4b61-87ec-679ba32c0ba4}</UniqueIdentifier>
    </Filter>
    <Filter Include="源文件\02-vertex buffer">
      <UniqueIdentifier>{802a6c79-aa35-4afb-99d1-9dfd33f7c71c}</UniqueIdentifier>
    </Filter>
    <Filter Include="源文件\02-vertex buffer\shader">
      <UniqueIdentifier>{f25a11af-a647-4ab9-a5e8-66391f89ce8e}</UniqueIdentifier>
    </Filter>
    <Filter Include="源文件\03-uniform buffer">
      <UniqueIdentifier>{413a6e1a-37d4-46af-b03b-62516f60d011}</UniqueIdentifier>
    </Filter>
    <Filter Include="源文件\03-uniform buffer\shader">
      <UniqueIdentifier>{d453f233-7ab5-48dd-837b-cdeeecb0f12b}</UniqueIdentifier>
    </Filter>
    <Filter Include="源文件\04-texture">
      <UniqueIdentifier>{52f02b85-85ff-4a8d-82ab-c78d6e5e4e34}</UniqueIdentifier>
    </Filter>
    <Filter Include="源文件\04-texture\shader">
      <UniqueIdentifier>{8d29f722-0679-4950-ac86-59e1933a12d8}</UniqueIdentifier>
    </Filter>
    <Filter Include="源文件\04-texture\texture">
      <UniqueIdentifier>{94c700d1-6bb4-4a23-815b-24243fdd9947}</UniqueIdentifier>
    </Filter>
    <Filter Include="源文件\05-Depth buffering">
      <UniqueIdentifier>{9e16f256-04c8-4970-b56e-93090e993788}</UniqueIdentifier>
    </Filter>
    <Filter Include="源文件\05-Depth buffering\shader">
      <UniqueIdentifier>{d5b660f6-f366-43e8-af73-7ce2db3c1afb}</UniqueIdentifier>
    </Filter>
    <Filter Include="源文件\06-mesh">
      <UniqueIdentifier>{d837627f-d02b-46ff-a252-3b9e49a74735}</UniqueIdentifier>
    </Filter>
    <Filter Include="源文件\07-mipmap">
      <UniqueIdentifier>{70c6947e-b8c4-473b-9cb7-80a4b43b46b4}</UniqueIdentifier>
    </Filter>
    <Filter Include="源文件\07-mipmap\shader">
      <UniqueIdentifier>{1b5b0b3d-1f37-472d-955e-5098b83f2b2c}</UniqueIdentifier>
    </Filter>
  </ItemGroup>
  <ItemGroup>
    <ClCompile Include="vulkan-learn.cpp">
      <Filter>源文件</Filter>
    </ClCompile>
    <ClCompile Include="src\01-triangle\triangle-main.cpp">
      <Filter>源文件\01-triangle</Filter>
    </ClCompile>
    <ClCompile Include="src\common\vulkanApplication.cpp">
      <Filter>源文件\common</Filter>
    </ClCompile>
    <ClCompile Include="src\02-vertex buffer\vertex-main.cpp">
      <Filter>源文件\02-vertex buffer</Filter>
    </ClCompile>
    <ClCompile Include="src\03-uniform buffer\UBO-main.cpp">
      <Filter>源文件\03-uniform buffer</Filter>
    </ClCompile>
    <ClCompile Include="src\04-texture\texture.cpp">
      <Filter>源文件\04-texture</Filter>
    </ClCompile>
    <ClCompile Include="src\05-Depth buffering\Depth-main.cpp">
      <Filter>源文件\05-Depth buffering</Filter>
    </ClCompile>
    <ClCompile Include="src\06-mesh\mesh-main.cpp">
      <Filter>源文件\06-mesh</Filter>
    </ClCompile>
    <ClCompile Include="src\07-mipmap\mipmap-main.cpp">
      <Filter>源文件\07-mipmap</Filter>
    </ClCompile>
  </ItemGroup>
  <ItemGroup>
    <ClInclude Include="src\01-triangle\triangle-main.h">
      <Filter>源文件\01-triangle</Filter>
    </ClInclude>
    <ClInclude Include="src\common\vulkanApplication.h">
      <Filter>源文件\common</Filter>
    </ClInclude>
    <ClInclude Include="src\02-vertex buffer\vertex-main.h">
      <Filter>源文件\02-vertex buffer</Filter>
    </ClInclude>
    <ClInclude Include="src\03-uniform buffer\UBO-main.h">
      <Filter>源文件\03-uniform buffer</Filter>
    </ClInclude>
    <ClInclude Include="src\04-texture\texture-main.h">
      <Filter>源文件\04-texture</Filter>
    </ClInclude>
    <ClInclude Include="src\05-Depth buffering\Depth-main.h">
      <Filter>源文件\05-Depth buffering</Filter>
    </ClInclude>
    <ClInclude Include="src\06-mesh\mesh-main.h">
      <Filter>源文件\06-mesh</Filter>
    </ClInclude>
    <ClInclude Include="src\07-mipmap\mipmap-main.h">
      <Filter>源文件\07-mipmap</Filter>
    </ClInclude>
  </ItemGroup>
  <ItemGroup>
    <None Include="src\01-triangle\shader\shader.frag">
      <Filter>源文件\01-triangle\shader</Filter>
    </None>
    <None Include="src\01-triangle\shader\shader.vert">
      <Filter>源文件\01-triangle\shader</Filter>
    </None>
    <None Include="src\01-triangle\shader\compile.bat">
      <Filter>源文件\01-triangle\shader</Filter>
    </None>
    <None Include="src\02-vertex buffer\shader\shader.frag">
      <Filter>源文件\02-vertex buffer\shader</Filter>
    </None>
    <None Include="src\02-vertex buffer\shader\shader.vert">
      <Filter>源文件\02-vertex buffer\shader</Filter>
    </None>
    <None Include="src\03-uniform buffer\shader\shader.frag">
      <Filter>源文件\03-uniform buffer\shader</Filter>
    </None>
    <None Include="src\03-uniform buffer\shader\shader.vert">
      <Filter>源文件\03-uniform buffer\shader</Filter>
    </None>
    <None Include="src\04-texture\shader\shader.frag">
      <Filter>源文件\04-texture\shader</Filter>
    </None>
    <None Include="src\04-texture\shader\shader.vert">
      <Filter>源文件\04-texture\shader</Filter>
    </None>
    <None Include="src\05-Depth buffering\shader\shader.frag">
      <Filter>源文件\05-Depth buffering\shader</Filter>
    </None>
    <None Include="src\05-Depth buffering\shader\shader.vert">
      <Filter>源文件\05-Depth buffering\shader</Filter>
    </None>
    <None Include="src\07-mipmap\shader\shader.frag">
      <Filter>源文件\07-mipmap\shader</Filter>
    </None>
    <None Include="src\07-mipmap\shader\shader.vert">
      <Filter>源文件\07-mipmap\shader</Filter>
    </None>
  </ItemGroup>
  <ItemGroup>
    <Image Include="src\04-texture\texture\texture.jpg">
      <Filter>源文件\04-texture\texture</Filter>
    </Image>
  </ItemGroup>
</Project>