<?xml version="1.0" encoding="utf-8"?>
<Project ToolsVersion="4.0" xmlns="http://schemas.microsoft.com/developer/msbuild/2003">
  <ItemGroup>
    <Filter Include="源文件">
      <UniqueIdentifier>{4FC737F1-C7A5-4376-A066-2A32D752A2FF}</UniqueIdentifier>
      <Extensions>cpp;c;cc;cxx;c++;cppm;ixx;def;odl;idl;hpj;bat;asm;asmx</Extensions>
    </Filter>
    <Filter Include="头文件">
      <UniqueIdentifier>{93995380-89BD-4b04-88EB-625FBE52EBFB}</UniqueIdentifier>
      <Extensions>h;hh;hpp;hxx;h++;hm;inl;inc;ipp;xsd</Extensions>
    </Filter>
    <Filter Include="资源文件">
      <UniqueIdentifier>{67DA6AB6-F800-4c08-8B7A-83BB121AAD01}</UniqueIdentifier>
      <Extensions>rc;ico;cur;bmp;dlg;rc2;rct;bin;rgs;gif;jpg;jpeg;jpe;resx;tiff;tif;png;wav;mfcribbon-ms</Extensions>
    </Filter>
    <Filter Include="源文件\01-triangle">
      <UniqueIdentifier>{32776d3c-2741-434d-a68d-07691c198e08}</UniqueIdentifier>
    </Filter>
    <Filter Include="源文件\common">
      <UniqueIdentifier>{f61b300c-dd13-4186-8a9e-efd676d50732}</UniqueIdentifier>
    </Filter>
    <Filter Include="源文件\01-triangle\shader">
      <UniqueIdentifier>{3f1920ed-b7e8-4b61-87ec-679ba32c0ba4}</UniqueIdentifier>
    </Filter>
    <Filter Include="源文件\02-vertex buffer">
      <UniqueIdentifier>{802a6c79-aa35-4afb-99d1-9dfd33f7c71c}</UniqueIdentifier>
    </Filter>
    <Filter Include="源文件\02-vertex buffer\shader">
      <UniqueIdentifier>{f25a11af-a647-4ab9-a5e8-66391f89ce8e}</UniqueIdentifier>
    </Filter>
  </ItemGroup>
  <ItemGroup>
    <ClCompile Include="vulkan-learn.cpp">
      <Filter>源文件</Filter>
    </ClCompile>
    <ClCompile Include="src\01-triangle\triangle-main.cpp">
      <Filter>源文件\01-triangle</Filter>
    </ClCompile>
    <ClCompile Include="src\common\vulkanApplication.cpp">
      <Filter>源文件\common</Filter>
    </ClCompile>
    <ClCompile Include="src\02-vertex buffer\vertex-main.cpp">
      <Filter>源文件\02-vertex buffer</Filter>
    </ClCompile>
  </ItemGroup>
  <ItemGroup>
    <ClInclude Include="src\01-triangle\triangle-main.h">
      <Filter>源文件\01-triangle</Filter>
    </ClInclude>
    <ClInclude Include="src\common\vulkanApplication.h">
      <Filter>源文件\common</Filter>
    </ClInclude>
    <ClInclude Include="src\02-vertex buffer\vertex-main.h">
      <Filter>源文件\02-vertex buffer</Filter>
    </ClInclude>
  </ItemGroup>
  <ItemGroup>
    <None Include="src\01-triangle\shader\shader.frag">
      <Filter>源文件\01-triangle\shader</Filter>
    </None>
    <None Include="src\01-triangle\shader\shader.vert">
      <Filter>源文件\01-triangle\shader</Filter>
    </None>
    <None Include="src\01-triangle\shader\compile.bat">
      <Filter>源文件\01-triangle\shader</Filter>
    </None>
    <None Include="src\02-vertex buffer\shader\shader.frag">
      <Filter>源文件\02-vertex buffer\shader</Filter>
    </None>
    <None Include="src\02-vertex buffer\shader\shader.vert">
      <Filter>源文件\02-vertex buffer\shader</Filter>
    </None>
  </ItemGroup>
</Project>